
Microsoft Visual Studio Solution File, Format Version 12.00
# Visual Studio 2012
Project("{FAE04EC0-301F-11D3-BF4B-00C04F79EFBC}") = "BitcoinLite", "BitcoinLite\BitcoinLite.csproj", "{2D646097-7EE2-4F9B-AB15-B525ABAFDB9D}"
EndProject
Project("{FAE04EC0-301F-11D3-BF4B-00C04F79EFBC}") = "BitcoinLite.Tests", "BitcoinLite.Tests\BitcoinLite.Tests.csproj", "{A64A259D-AD5A-4F1C-8814-96D7C07C54A5}"
EndProject
Project("{2150E333-8FDC-42A3-9474-1A3956D46DE8}") = ".nuget", ".nuget", "{37E4D68C-5215-4183-AEC4-762EB4767FAD}"
	ProjectSection(SolutionItems) = preProject
		.nuget\packages.config = .nuget\packages.config
	EndProjectSection
EndProject
Global
	GlobalSection(SolutionConfigurationPlatforms) = preSolution
		Debug|Any CPU = Debug|Any CPU
		Release|Any CPU = Release|Any CPU
	EndGlobalSection
	GlobalSection(ProjectConfigurationPlatforms) = postSolution
		{2D646097-7EE2-4F9B-AB15-B525ABAFDB9D}.Debug|Any CPU.ActiveCfg = Debug|Any CPU
		{2D646097-7EE2-4F9B-AB15-B525ABAFDB9D}.Debug|Any CPU.Build.0 = Debug|Any CPU
		{2D646097-7EE2-4F9B-AB15-B525ABAFDB9D}.Release|Any CPU.ActiveCfg = Release|Any CPU
		{2D646097-7EE2-4F9B-AB15-B525ABAFDB9D}.Release|Any CPU.Build.0 = Release|Any CPU
		{A64A259D-AD5A-4F1C-8814-96D7C07C54A5}.Debug|Any CPU.ActiveCfg = Debug|Any CPU
		{A64A259D-AD5A-4F1C-8814-96D7C07C54A5}.Debug|Any CPU.Build.0 = Debug|Any CPU
		{A64A259D-AD5A-4F1C-8814-96D7C07C54A5}.Release|Any CPU.ActiveCfg = Release|Any CPU
		{A64A259D-AD5A-4F1C-8814-96D7C07C54A5}.Release|Any CPU.Build.0 = Release|Any CPU
	EndGlobalSection
	GlobalSection(SolutionProperties) = preSolution
		HideSolutionNode = FALSE
	EndGlobalSection
EndGlobal
